// !$*UTF8*$!
{
	archiveVersion = 1;
	classes = {
	};
	objectVersion = 50;
	objects = {

/* Begin PBXBuildFile section */
		7E0B21C221A69250008CFBB4 /* TouchIDHelper.swift in Sources */ = {isa = PBXBuildFile; fileRef = 7E0B21C121A69250008CFBB4 /* TouchIDHelper.swift */; };
		7E93D66F21ABA3440065A3F6 /* ETouchID.m in Sources */ = {isa = PBXBuildFile; fileRef = 7E93D66D21ABA3430065A3F6 /* ETouchID.m */; };
		7E93D67221ABCEBE0065A3F6 /* MineViewController.swift in Sources */ = {isa = PBXBuildFile; fileRef = 7E93D67021ABCEBE0065A3F6 /* MineViewController.swift */; };
		7E93D67521ABCF580065A3F6 /* MineViewController.xib in Resources */ = {isa = PBXBuildFile; fileRef = 7E93D67421ABCF580065A3F6 /* MineViewController.xib */; };
		7E93D67921ABE9B70065A3F6 /* ALToastView.m in Sources */ = {isa = PBXBuildFile; fileRef = 7E93D67721ABE9B70065A3F6 /* ALToastView.m */; };
		7E93D67B21AC08B90065A3F6 /* ReadMe in Resources */ = {isa = PBXBuildFile; fileRef = 7E93D67A21AC08B90065A3F6 /* ReadMe */; };
		7E94361221A5021A00FD635F /* TabBarController.swift in Sources */ = {isa = PBXBuildFile; fileRef = 7E94361121A5021A00FD635F /* TabBarController.swift */; };
		7E94361421A5096D00FD635F /* TouchIDViewController.swift in Sources */ = {isa = PBXBuildFile; fileRef = 7E94361321A5096D00FD635F /* TouchIDViewController.swift */; };
		7E94361621A50AFB00FD635F /* TouchIDViewController.xib in Resources */ = {isa = PBXBuildFile; fileRef = 7E94361521A50AFB00FD635F /* TouchIDViewController.xib */; };
		7ED83A0D21A7F6BA00269EEB /* Storage.swift in Sources */ = {isa = PBXBuildFile; fileRef = 7ED83A0B21A7F6B900269EEB /* Storage.swift */; };
		7ED83A0E21A7F6BA00269EEB /* TimeToken.swift in Sources */ = {isa = PBXBuildFile; fileRef = 7ED83A0C21A7F6B900269EEB /* TimeToken.swift */; };
		7ED83A1021A7F6CD00269EEB /* Router.swift in Sources */ = {isa = PBXBuildFile; fileRef = 7ED83A0F21A7F6CD00269EEB /* Router.swift */; };
		7EDA97B821A2872C00E78F20 /* AppDelegate.swift in Sources */ = {isa = PBXBuildFile; fileRef = 7EDA97B721A2872C00E78F20 /* AppDelegate.swift */; };
		7EDA97BA21A2872C00E78F20 /* ViewController.swift in Sources */ = {isa = PBXBuildFile; fileRef = 7EDA97B921A2872C00E78F20 /* ViewController.swift */; };
		7EDA97BD21A2872C00E78F20 /* Main.storyboard in Resources */ = {isa = PBXBuildFile; fileRef = 7EDA97BB21A2872C00E78F20 /* Main.storyboard */; };
		7EDA97BF21A2872F00E78F20 /* Assets.xcassets in Resources */ = {isa = PBXBuildFile; fileRef = 7EDA97BE21A2872F00E78F20 /* Assets.xcassets */; };
		7EDA97C221A2872F00E78F20 /* LaunchScreen.storyboard in Resources */ = {isa = PBXBuildFile; fileRef = 7EDA97C021A2872F00E78F20 /* LaunchScreen.storyboard */; };
/* End PBXBuildFile section */

/* Begin PBXFileReference section */
		7E0B21C121A69250008CFBB4 /* TouchIDHelper.swift */ = {isa = PBXFileReference; lastKnownFileType = sourcecode.swift; path = TouchIDHelper.swift; sourceTree = "<group>"; };
		7E93D66C21ABA3430065A3F6 /* FingerprintAuthenticationSample-Bridging-Header.h */ = {isa = PBXFileReference; lastKnownFileType = sourcecode.c.h; path = "FingerprintAuthenticationSample-Bridging-Header.h"; sourceTree = "<group>"; };
		7E93D66D21ABA3430065A3F6 /* ETouchID.m */ = {isa = PBXFileReference; fileEncoding = 4; lastKnownFileType = sourcecode.c.objc; path = ETouchID.m; sourceTree = "<group>"; };
		7E93D66E21ABA3440065A3F6 /* ETouchID.h */ = {isa = PBXFileReference; fileEncoding = 4; lastKnownFileType = sourcecode.c.h; path = ETouchID.h; sourceTree = "<group>"; };
		7E93D67021ABCEBE0065A3F6 /* MineViewController.swift */ = {isa = PBXFileReference; lastKnownFileType = sourcecode.swift; path = MineViewController.swift; sourceTree = "<group>"; };
		7E93D67421ABCF580065A3F6 /* MineViewController.xib */ = {isa = PBXFileReference; lastKnownFileType = file.xib; path = MineViewController.xib; sourceTree = "<group>"; };
		7E93D67721ABE9B70065A3F6 /* ALToastView.m */ = {isa = PBXFileReference; fileEncoding = 4; lastKnownFileType = sourcecode.c.objc; path = ALToastView.m; sourceTree = "<group>"; };
		7E93D67821ABE9B70065A3F6 /* ALToastView.h */ = {isa = PBXFileReference; fileEncoding = 4; lastKnownFileType = sourcecode.c.h; path = ALToastView.h; sourceTree = "<group>"; };
		7E93D67A21AC08B90065A3F6 /* ReadMe */ = {isa = PBXFileReference; lastKnownFileType = text; path = ReadMe; sourceTree = "<group>"; };
		7E94361121A5021A00FD635F /* TabBarController.swift */ = {isa = PBXFileReference; lastKnownFileType = sourcecode.swift; path = TabBarController.swift; sourceTree = "<group>"; };
		7E94361321A5096D00FD635F /* TouchIDViewController.swift */ = {isa = PBXFileReference; lastKnownFileType = sourcecode.swift; path = TouchIDViewController.swift; sourceTree = "<group>"; };
		7E94361521A50AFB00FD635F /* TouchIDViewController.xib */ = {isa = PBXFileReference; lastKnownFileType = file.xib; path = TouchIDViewController.xib; sourceTree = "<group>"; };
		7ED83A0B21A7F6B900269EEB /* Storage.swift */ = {isa = PBXFileReference; fileEncoding = 4; lastKnownFileType = sourcecode.swift; path = Storage.swift; sourceTree = "<group>"; };
		7ED83A0C21A7F6B900269EEB /* TimeToken.swift */ = {isa = PBXFileReference; fileEncoding = 4; lastKnownFileType = sourcecode.swift; path = TimeToken.swift; sourceTree = "<group>"; };
		7ED83A0F21A7F6CD00269EEB /* Router.swift */ = {isa = PBXFileReference; lastKnownFileType = sourcecode.swift; path = Router.swift; sourceTree = "<group>"; };
		7EDA97B421A2872C00E78F20 /* FingerprintAuthenticationSample.app */ = {isa = PBXFileReference; explicitFileType = wrapper.application; includeInIndex = 0; path = FingerprintAuthenticationSample.app; sourceTree = BUILT_PRODUCTS_DIR; };
		7EDA97B721A2872C00E78F20 /* AppDelegate.swift */ = {isa = PBXFileReference; lastKnownFileType = sourcecode.swift; path = AppDelegate.swift; sourceTree = "<group>"; };
		7EDA97B921A2872C00E78F20 /* ViewController.swift */ = {isa = PBXFileReference; lastKnownFileType = sourcecode.swift; path = ViewController.swift; sourceTree = "<group>"; };
		7EDA97BC21A2872C00E78F20 /* Base */ = {isa = PBXFileReference; lastKnownFileType = file.storyboard; name = Base; path = Base.lproj/Main.storyboard; sourceTree = "<group>"; };
		7EDA97BE21A2872F00E78F20 /* Assets.xcassets */ = {isa = PBXFileReference; lastKnownFileType = folder.assetcatalog; path = Assets.xcassets; sourceTree = "<group>"; };
		7EDA97C121A2872F00E78F20 /* Base */ = {isa = PBXFileReference; lastKnownFileType = file.storyboard; name = Base; path = Base.lproj/LaunchScreen.storyboard; sourceTree = "<group>"; };
		7EDA97C321A2872F00E78F20 /* Info.plist */ = {isa = PBXFileReference; lastKnownFileType = text.plist.xml; path = Info.plist; sourceTree = "<group>"; };
/* End PBXFileReference section */

/* Begin PBXFrameworksBuildPhase section */
		7EDA97B121A2872C00E78F20 /* Frameworks */ = {
			isa = PBXFrameworksBuildPhase;
			buildActionMask = 2147483647;
			files = (
			);
			runOnlyForDeploymentPostprocessing = 0;
		};
/* End PBXFrameworksBuildPhase section */

/* Begin PBXGroup section */
		7E93D67621ABE9B70065A3F6 /* ALToastView */ = {
			isa = PBXGroup;
			children = (
				7E93D67721ABE9B70065A3F6 /* ALToastView.m */,
				7E93D67821ABE9B70065A3F6 /* ALToastView.h */,
			);
			path = ALToastView;
			sourceTree = "<group>";
		};
		7E94360F21A5016400FD635F /* Base */ = {
			isa = PBXGroup;
			children = (
				7E94361121A5021A00FD635F /* TabBarController.swift */,
			);
			path = Base;
			sourceTree = "<group>";
		};
		7E94361021A5016400FD635F /* TouchID */ = {
			isa = PBXGroup;
			children = (
				7E94361321A5096D00FD635F /* TouchIDViewController.swift */,
				7E94361521A50AFB00FD635F /* TouchIDViewController.xib */,
				7E0B21C121A69250008CFBB4 /* TouchIDHelper.swift */,
			);
			path = TouchID;
			sourceTree = "<group>";
		};
		7ED83A0A21A7F6B900269EEB /* Helper */ = {
			isa = PBXGroup;
			children = (
				7E93D66E21ABA3440065A3F6 /* ETouchID.h */,
				7E93D66D21ABA3430065A3F6 /* ETouchID.m */,
				7ED83A0B21A7F6B900269EEB /* Storage.swift */,
				7ED83A0C21A7F6B900269EEB /* TimeToken.swift */,
				7ED83A0F21A7F6CD00269EEB /* Router.swift */,
			);
			path = Helper;
			sourceTree = "<group>";
		};
		7EDA97AB21A2872C00E78F20 = {
			isa = PBXGroup;
			children = (
				7E93D67A21AC08B90065A3F6 /* ReadMe */,
				7EDA97B621A2872C00E78F20 /* FingerprintAuthenticationSample */,
				7EDA97B521A2872C00E78F20 /* Products */,
			);
			sourceTree = "<group>";
		};
		7EDA97B521A2872C00E78F20 /* Products */ = {
			isa = PBXGroup;
			children = (
				7EDA97B421A2872C00E78F20 /* FingerprintAuthenticationSample.app */,
			);
			name = Products;
			sourceTree = "<group>";
		};
		7EDA97B621A2872C00E78F20 /* FingerprintAuthenticationSample */ = {
			isa = PBXGroup;
			children = (
				7E94360F21A5016400FD635F /* Base */,
				7E94361021A5016400FD635F /* TouchID */,
				7ED83A0A21A7F6B900269EEB /* Helper */,
				7E93D67621ABE9B70065A3F6 /* ALToastView */,
				7EDA97B721A2872C00E78F20 /* AppDelegate.swift */,
				7EDA97B921A2872C00E78F20 /* ViewController.swift */,
				7E93D67021ABCEBE0065A3F6 /* MineViewController.swift */,
				7E93D67421ABCF580065A3F6 /* MineViewController.xib */,
				7E93D66C21ABA3430065A3F6 /* FingerprintAuthenticationSample-Bridging-Header.h */,
				7EDA97BB21A2872C00E78F20 /* Main.storyboard */,
				7EDA97BE21A2872F00E78F20 /* Assets.xcassets */,
				7EDA97C021A2872F00E78F20 /* LaunchScreen.storyboard */,
				7EDA97C321A2872F00E78F20 /* Info.plist */,
			);
			path = FingerprintAuthenticationSample;
			sourceTree = "<group>";
		};
/* End PBXGroup section */

/* Begin PBXNativeTarget section */
		7EDA97B321A2872C00E78F20 /* FingerprintAuthenticationSample */ = {
			isa = PBXNativeTarget;
			buildConfigurationList = 7EDA97C621A2872F00E78F20 /* Build configuration list for PBXNativeTarget "FingerprintAuthenticationSample" */;
			buildPhases = (
				7EDA97B021A2872C00E78F20 /* Sources */,
				7EDA97B121A2872C00E78F20 /* Frameworks */,
				7EDA97B221A2872C00E78F20 /* Resources */,
			);
			buildRules = (
			);
			dependencies = (
			);
			name = FingerprintAuthenticationSample;
			productName = FingerprintAuthenticationSample;
			productReference = 7EDA97B421A2872C00E78F20 /* FingerprintAuthenticationSample.app */;
			productType = "com.apple.product-type.application";
		};
/* End PBXNativeTarget section */

/* Begin PBXProject section */
		7EDA97AC21A2872C00E78F20 /* Project object */ = {
			isa = PBXProject;
			attributes = {
				LastSwiftUpdateCheck = 1010;
				LastUpgradeCheck = 1010;
				ORGANIZATIONNAME = ZhangXiQian;
				TargetAttributes = {
					7EDA97B321A2872C00E78F20 = {
						CreatedOnToolsVersion = 10.1;
						LastSwiftMigration = 1010;
					};
				};
			};
			buildConfigurationList = 7EDA97AF21A2872C00E78F20 /* Build configuration list for PBXProject "FingerprintAuthenticationSample" */;
			compatibilityVersion = "Xcode 9.3";
			developmentRegion = en;
			hasScannedForEncodings = 0;
			knownRegions = (
				en,
				Base,
			);
			mainGroup = 7EDA97AB21A2872C00E78F20;
			productRefGroup = 7EDA97B521A2872C00E78F20 /* Products */;
			projectDirPath = "";
			projectRoot = "";
			targets = (
				7EDA97B321A2872C00E78F20 /* FingerprintAuthenticationSample */,
			);
		};
/* End PBXProject section */

/* Begin PBXResourcesBuildPhase section */
		7EDA97B221A2872C00E78F20 /* Resources */ = {
			isa = PBXResourcesBuildPhase;
			buildActionMask = 2147483647;
			files = (
				7E93D67521ABCF580065A3F6 /* MineViewController.xib in Resources */,
				7EDA97C221A2872F00E78F20 /* LaunchScreen.storyboard in Resources */,
				7E93D67B21AC08B90065A3F6 /* ReadMe in Resources */,
				7E94361621A50AFB00FD635F /* TouchIDViewController.xib in Resources */,
				7EDA97BF21A2872F00E78F20 /* Assets.xcassets in Resources */,
				7EDA97BD21A2872C00E78F20 /* Main.storyboard in Resources */,
			);
			runOnlyForDeploymentPostprocessing = 0;
		};
/* End PBXResourcesBuildPhase section */

/* Begin PBXSourcesBuildPhase section */
		7EDA97B021A2872C00E78F20 /* Sources */ = {
			isa = PBXSourcesBuildPhase;
			buildActionMask = 2147483647;
			files = (
				7ED83A1021A7F6CD00269EEB /* Router.swift in Sources */,
				7E94361221A5021A00FD635F /* TabBarController.swift in Sources */,
				7E94361421A5096D00FD635F /* TouchIDViewController.swift in Sources */,
				7E0B21C221A69250008CFBB4 /* TouchIDHelper.swift in Sources */,
				7EDA97BA21A2872C00E78F20 /* ViewController.swift in Sources */,
				7E93D66F21ABA3440065A3F6 /* ETouchID.m in Sources */,
				7E93D67921ABE9B70065A3F6 /* ALToastView.m in Sources */,
				7EDA97B821A2872C00E78F20 /* AppDelegate.swift in Sources */,
				7ED83A0D21A7F6BA00269EEB /* Storage.swift in Sources */,
				7ED83A0E21A7F6BA00269EEB /* TimeToken.swift in Sources */,
				7E93D67221ABCEBE0065A3F6 /* MineViewController.swift in Sources */,
			);
			runOnlyForDeploymentPostprocessing = 0;
		};
/* End PBXSourcesBuildPhase section */

/* Begin PBXVariantGroup section */
		7EDA97BB21A2872C00E78F20 /* Main.storyboard */ = {
			isa = PBXVariantGroup;
			children = (
				7EDA97BC21A2872C00E78F20 /* Base */,
			);
			name = Main.storyboard;
			sourceTree = "<group>";
		};
		7EDA97C021A2872F00E78F20 /* LaunchScreen.storyboard */ = {
			isa = PBXVariantGroup;
			children = (
				7EDA97C121A2872F00E78F20 /* Base */,
			);
			name = LaunchScreen.storyboard;
			sourceTree = "<group>";
		};
/* End PBXVariantGroup section */

/* Begin XCBuildConfiguration section */
		7EDA97C421A2872F00E78F20 /* Debug */ = {
			isa = XCBuildConfiguration;
			buildSettings = {
				ALWAYS_SEARCH_USER_PATHS = NO;
				CLANG_ANALYZER_NONNULL = YES;
				CLANG_ANALYZER_NUMBER_OBJECT_CONVERSION = YES_AGGRESSIVE;
				CLANG_CXX_LANGUAGE_STANDARD = "gnu++14";
				CLANG_CXX_LIBRARY = "libc++";
				CLANG_ENABLE_MODULES = YES;
				CLANG_ENABLE_OBJC_ARC = YES;
				CLANG_ENABLE_OBJC_WEAK = YES;
				CLANG_WARN_BLOCK_CAPTURE_AUTORELEASING = YES;
				CLANG_WARN_BOOL_CONVERSION = YES;
				CLANG_WARN_COMMA = YES;
				CLANG_WARN_CONSTANT_CONVERSION = YES;
				CLANG_WARN_DEPRECATED_OBJC_IMPLEMENTATIONS = YES;
				CLANG_WARN_DIRECT_OBJC_ISA_USAGE = YES_ERROR;
				CLANG_WARN_DOCUMENTATION_COMMENTS = YES;
				CLANG_WARN_EMPTY_BODY = YES;
				CLANG_WARN_ENUM_CONVERSION = YES;
				CLANG_WARN_INFINITE_RECURSION = YES;
				CLANG_WARN_INT_CONVERSION = YES;
				CLANG_WARN_NON_LITERAL_NULL_CONVERSION = YES;
				CLANG_WARN_OBJC_IMPLICIT_RETAIN_SELF = YES;
				CLANG_WARN_OBJC_LITERAL_CONVERSION = YES;
				CLANG_WARN_OBJC_ROOT_CLASS = YES_ERROR;
				CLANG_WARN_RANGE_LOOP_ANALYSIS = YES;
				CLANG_WARN_STRICT_PROTOTYPES = YES;
				CLANG_WARN_SUSPICIOUS_MOVE = YES;
				CLANG_WARN_UNGUARDED_AVAILABILITY = YES_AGGRESSIVE;
				CLANG_WARN_UNREACHABLE_CODE = YES;
				CLANG_WARN__DUPLICATE_METHOD_MATCH = YES;
				CODE_SIGN_IDENTITY = "iPhone Developer";
				COPY_PHASE_STRIP = NO;
				DEBUG_INFORMATION_FORMAT = dwarf;
				ENABLE_STRICT_OBJC_MSGSEND = YES;
				ENABLE_TESTABILITY = YES;
				GCC_C_LANGUAGE_STANDARD = gnu11;
				GCC_DYNAMIC_NO_PIC = NO;
				GCC_NO_COMMON_BLOCKS = YES;
				GCC_OPTIMIZATION_LEVEL = 0;
				GCC_PREPROCESSOR_DEFINITIONS = (
					"DEBUG=1",
					"$(inherited)",
				);
				GCC_WARN_64_TO_32_BIT_CONVERSION = YES;
				GCC_WARN_ABOUT_RETURN_TYPE = YES_ERROR;
				GCC_WARN_UNDECLARED_SELECTOR = YES;
				GCC_WARN_UNINITIALIZED_AUTOS = YES_AGGRESSIVE;
				GCC_WARN_UNUSED_FUNCTION = YES;
				GCC_WARN_UNUSED_VARIABLE = YES;
				IPHONEOS_DEPLOYMENT_TARGET = 12.1;
				MTL_ENABLE_DEBUG_INFO = INCLUDE_SOURCE;
				MTL_FAST_MATH = YES;
				ONLY_ACTIVE_ARCH = YES;
				SDKROOT = iphoneos;
				SWIFT_ACTIVE_COMPILATION_CONDITIONS = DEBUG;
				SWIFT_OPTIMIZATION_LEVEL = "-Onone";
			};
			name = Debug;
		};
		7EDA97C521A2872F00E78F20 /* Release */ = {
			isa = XCBuildConfiguration;
			buildSettings = {
				ALWAYS_SEARCH_USER_PATHS = NO;
				CLANG_ANALYZER_NONNULL = YES;
				CLANG_ANALYZER_NUMBER_OBJECT_CONVERSION = YES_AGGRESSIVE;
				CLANG_CXX_LANGUAGE_STANDARD = "gnu++14";
				CLANG_CXX_LIBRARY = "libc++";
				CLANG_ENABLE_MODULES = YES;
				CLANG_ENABLE_OBJC_ARC = YES;
				CLANG_ENABLE_OBJC_WEAK = YES;
				CLANG_WARN_BLOCK_CAPTURE_AUTORELEASING = YES;
				CLANG_WARN_BOOL_CONVERSION = YES;
				CLANG_WARN_COMMA = YES;
				CLANG_WARN_CONSTANT_CONVERSION = YES;
				CLANG_WARN_DEPRECATED_OBJC_IMPLEMENTATIONS = YES;
				CLANG_WARN_DIRECT_OBJC_ISA_USAGE = YES_ERROR;
				CLANG_WARN_DOCUMENTATION_COMMENTS = YES;
				CLANG_WARN_EMPTY_BODY = YES;
				CLANG_WARN_ENUM_CONVERSION = YES;
				CLANG_WARN_INFINITE_RECURSION = YES;
				CLANG_WARN_INT_CONVERSION = YES;
				CLANG_WARN_NON_LITERAL_NULL_CONVERSION = YES;
				CLANG_WARN_OBJC_IMPLICIT_RETAIN_SELF = YES;
				CLANG_WARN_OBJC_LITERAL_CONVERSION = YES;
				CLANG_WARN_OBJC_ROOT_CLASS = YES_ERROR;
				CLANG_WARN_RANGE_LOOP_ANALYSIS = YES;
				CLANG_WARN_STRICT_PROTOTYPES = YES;
				CLANG_WARN_SUSPICIOUS_MOVE = YES;
				CLANG_WARN_UNGUARDED_AVAILABILITY = YES_AGGRESSIVE;
				CLANG_WARN_UNREACHABLE_CODE = YES;
				CLANG_WARN__DUPLICATE_METHOD_MATCH = YES;
				CODE_SIGN_IDENTITY = "iPhone Developer";
				COPY_PHASE_STRIP = NO;
				DEBUG_INFORMATION_FORMAT = "dwarf-with-dsym";
				ENABLE_NS_ASSERTIONS = NO;
				ENABLE_STRICT_OBJC_MSGSEND = YES;
				GCC_C_LANGUAGE_STANDARD = gnu11;
				GCC_NO_COMMON_BLOCKS = YES;
				GCC_WARN_64_TO_32_BIT_CONVERSION = YES;
				GCC_WARN_ABOUT_RETURN_TYPE = YES_ERROR;
				GCC_WARN_UNDECLARED_SELECTOR = YES;
				GCC_WARN_UNINITIALIZED_AUTOS = YES_AGGRESSIVE;
				GCC_WARN_UNUSED_FUNCTION = YES;
				GCC_WARN_UNUSED_VARIABLE = YES;
				IPHONEOS_DEPLOYMENT_TARGET = 12.1;
				MTL_ENABLE_DEBUG_INFO = NO;
				MTL_FAST_MATH = YES;
				SDKROOT = iphoneos;
				SWIFT_COMPILATION_MODE = wholemodule;
				SWIFT_OPTIMIZATION_LEVEL = "-O";
				VALIDATE_PRODUCT = YES;
			};
			name = Release;
		};
		7EDA97C721A2872F00E78F20 /* Debug */ = {
			isa = XCBuildConfiguration;
			buildSettings = {
				ASSETCATALOG_COMPILER_APPICON_NAME = AppIcon;
				CLANG_ENABLE_MODULES = YES;
				CODE_SIGN_STYLE = Automatic;
				DEVELOPMENT_TEAM = BW85H86NCW;
				INFOPLIST_FILE = FingerprintAuthenticationSample/Info.plist;
				IPHONEOS_DEPLOYMENT_TARGET = 8.0;
				LD_RUNPATH_SEARCH_PATHS = (
					"$(inherited)",
					"@executable_path/Frameworks",
				);
				PRODUCT_BUNDLE_IDENTIFIER = com.sisi.FingerprintAuthenticationSample;
				PRODUCT_NAME = "$(TARGET_NAME)";
				SWIFT_OBJC_BRIDGING_HEADER = "FingerprintAuthenticationSample/FingerprintAuthenticationSample-Bridging-Header.h";
				SWIFT_OPTIMIZATION_LEVEL = "-Onone";
				SWIFT_VERSION = 4.2;
				TARGETED_DEVICE_FAMILY = "1,2";
			};
			name = Debug;
		};
		7EDA97C821A2872F00E78F20 /* Release */ = {
			isa = XCBuildConfiguration;
			buildSettings = {
				ASSETCATALOG_COMPILER_APPICON_NAME = AppIcon;
				CLANG_ENABLE_MODULES = YES;
				CODE_SIGN_STYLE = Automatic;
				DEVELOPMENT_TEAM = BW85H86NCW;
				INFOPLIST_FILE = FingerprintAuthenticationSample/Info.plist;
				IPHONEOS_DEPLOYMENT_TARGET = 8.0;
				LD_RUNPATH_SEARCH_PATHS = (
					"$(inherited)",
					"@executable_path/Frameworks",
				);
				PRODUCT_BUNDLE_IDENTIFIER = com.sisi.FingerprintAuthenticationSample;
				PRODUCT_NAME = "$(TARGET_NAME)";
				SWIFT_OBJC_BRIDGING_HEADER = "FingerprintAuthenticationSample/FingerprintAuthenticationSample-Bridging-Header.h";
				SWIFT_VERSION = 4.2;
				TARGETED_DEVICE_FAMILY = "1,2";
			};
			name = Release;
		};
/* End XCBuildConfiguration section */

/* Begin XCConfigurationList section */
		7EDA97AF21A2872C00E78F20 /* Build configuration list for PBXProject "FingerprintAuthenticationSample" */ = {
			isa = XCConfigurationList;
			buildConfigurations = (
				7EDA97C421A2872F00E78F20 /* Debug */,
				7EDA97C521A2872F00E78F20 /* Release */,
			);
			defaultConfigurationIsVisible = 0;
			defaultConfigurationName = Release;
		};
		7EDA97C621A2872F00E78F20 /* Build configuration list for PBXNativeTarget "FingerprintAuthenticationSample" */ = {
			isa = XCConfigurationList;
			buildConfigurations = (
				7EDA97C721A2872F00E78F20 /* Debug */,
				7EDA97C821A2872F00E78F20 /* Release */,
			);
			defaultConfigurationIsVisible = 0;
			defaultConfigurationName = Release;
		};
/* End XCConfigurationList section */
	};
	rootObject = 7EDA97AC21A2872C00E78F20 /* Project object */;
}
